
Microsoft Visual Studio Solution File, Format Version 12.00
# Visual Studio 16
Project("{FAE04EC0-301F-11D3-BF4B-00C04F79EFBC}") = "Assembly-CSharp", "Assembly-CSharp.csproj", "{773B5E4A-865D-DC80-5F40-896A3A19C3EC}"
EndProject
Project("{FAE04EC0-301F-11D3-BF4B-00C04F79EFBC}") = "Assembly-CSharp-Editor", "Assembly-CSharp-Editor.csproj", "{B61669A1-A279-1792-FD8F-F6E926835637}"
EndProject
Global
	GlobalSection(SolutionConfigurationPlatforms) = preSolution
		Debug|Any CPU = Debug|Any CPU
		Release|Any CPU = Release|Any CPU
	EndGlobalSection
	GlobalSection(ProjectConfigurationPlatforms) = postSolution
		{773B5E4A-865D-DC80-5F40-896A3A19C3EC}.Debug|Any CPU.ActiveCfg = Debug|Any CPU
		{773B5E4A-865D-DC80-5F40-896A3A19C3EC}.Debug|Any CPU.Build.0 = Debug|Any CPU
		{773B5E4A-865D-DC80-5F40-896A3A19C3EC}.Release|Any CPU.ActiveCfg = Release|Any CPU
		{773B5E4A-865D-DC80-5F40-896A3A19C3EC}.Release|Any CPU.Build.0 = Release|Any CPU
		{B61669A1-A279-1792-FD8F-F6E926835637}.Debug|Any CPU.ActiveCfg = Debug|Any CPU
		{B61669A1-A279-1792-FD8F-F6E926835637}.Debug|Any CPU.Build.0 = Debug|Any CPU
		{B61669A1-A279-1792-FD8F-F6E926835637}.Release|Any CPU.ActiveCfg = Release|Any CPU
		{B61669A1-A279-1792-FD8F-F6E926835637}.Release|Any CPU.Build.0 = Release|Any CPU
	EndGlobalSection
	GlobalSection(SolutionProperties) = preSolution
		HideSolutionNode = FALSE
	EndGlobalSection
EndGlobal
